// !$*UTF8*$!
{
	archiveVersion = 1;
	classes = {
	};
	objectVersion = 46;
	objects = {

/* Begin PBXBuildFile section */
		1A096B9C0794931975C819F8 /* libPods.a in Frameworks */ = {isa = PBXBuildFile; fileRef = D28F8494B53C7713E7902458 /* libPods.a */; };
		93CD19781C219395001ADF74 /* locationViewController.m in Sources */ = {isa = PBXBuildFile; fileRef = 93CD19771C219395001ADF74 /* locationViewController.m */; settings = {ASSET_TAGS = (); }; };
		D903A2FC1B8F02FF00E02DE7 /* LoginViewController.m in Sources */ = {isa = PBXBuildFile; fileRef = D903A2FB1B8F02FF00E02DE7 /* LoginViewController.m */; };
		D9144E641BB9011400F01FB5 /* CollectionViewCell.m in Sources */ = {isa = PBXBuildFile; fileRef = D9144E631BB9011400F01FB5 /* CollectionViewCell.m */; settings = {ASSET_TAGS = (); }; };
		D9144E671BB9019200F01FB5 /* CollectionViewController.m in Sources */ = {isa = PBXBuildFile; fileRef = D9144E661BB9019200F01FB5 /* CollectionViewController.m */; settings = {ASSET_TAGS = (); }; };
		D94AE0821B8A0D4C000FBB14 /* main.m in Sources */ = {isa = PBXBuildFile; fileRef = D94AE0811B8A0D4C000FBB14 /* main.m */; };
		D94AE0851B8A0D4C000FBB14 /* AppDelegate.m in Sources */ = {isa = PBXBuildFile; fileRef = D94AE0841B8A0D4C000FBB14 /* AppDelegate.m */; };
		D94AE0881B8A0D4C000FBB14 /* ViewController.m in Sources */ = {isa = PBXBuildFile; fileRef = D94AE0871B8A0D4C000FBB14 /* ViewController.m */; };
		D94AE08D1B8A0D4C000FBB14 /* Images.xcassets in Resources */ = {isa = PBXBuildFile; fileRef = D94AE08C1B8A0D4C000FBB14 /* Images.xcassets */; };
		D94AE0901B8A0D4C000FBB14 /* LaunchScreen.xib in Resources */ = {isa = PBXBuildFile; fileRef = D94AE08E1B8A0D4C000FBB14 /* LaunchScreen.xib */; };
		D94AE09C1B8A0D4C000FBB14 /* LiveFreeTests.m in Sources */ = {isa = PBXBuildFile; fileRef = D94AE09B1B8A0D4C000FBB14 /* LiveFreeTests.m */; };
		D953A0B91BE7CDF300801699 /* TabViewController.m in Sources */ = {isa = PBXBuildFile; fileRef = D953A0B81BE7CDF300801699 /* TabViewController.m */; settings = {ASSET_TAGS = (); }; };
		D9820AA41B90852600C51F1B /* JSONHandler.m in Sources */ = {isa = PBXBuildFile; fileRef = D9820AA31B90852600C51F1B /* JSONHandler.m */; };
		D9AB85D81C2062D30078818F /* Main.storyboard in Resources */ = {isa = PBXBuildFile; fileRef = D9AB85D71C2062D30078818F /* Main.storyboard */; settings = {ASSET_TAGS = (); }; };
		D9D1C1E71BB2BCD800C0362F /* UIColor+HexString.m in Sources */ = {isa = PBXBuildFile; fileRef = D9D1C1E61BB2BCD800C0362F /* UIColor+HexString.m */; settings = {ASSET_TAGS = (); }; };
		D9D1C1EB1BB2BEF600C0362F /* twitterIcon.png in Resources */ = {isa = PBXBuildFile; fileRef = D9D1C1EA1BB2BEF600C0362F /* twitterIcon.png */; settings = {ASSET_TAGS = (); }; };
		D9D1C1ED1BB2C0C900C0362F /* inayo.png in Resources */ = {isa = PBXBuildFile; fileRef = D9D1C1EC1BB2C0C900C0362F /* inayo.png */; settings = {ASSET_TAGS = (); }; };
/* End PBXBuildFile section */

/* Begin PBXContainerItemProxy section */
		D94AE0961B8A0D4C000FBB14 /* PBXContainerItemProxy */ = {
			isa = PBXContainerItemProxy;
			containerPortal = D94AE0741B8A0D4C000FBB14 /* Project object */;
			proxyType = 1;
			remoteGlobalIDString = D94AE07B1B8A0D4C000FBB14;
			remoteInfo = LiveFree;
		};
/* End PBXContainerItemProxy section */

/* Begin PBXFileReference section */
		93CD19761C219395001ADF74 /* locationViewController.h */ = {isa = PBXFileReference; fileEncoding = 4; lastKnownFileType = sourcecode.c.h; path = locationViewController.h; sourceTree = "<group>"; };
		93CD19771C219395001ADF74 /* locationViewController.m */ = {isa = PBXFileReference; fileEncoding = 4; lastKnownFileType = sourcecode.c.objc; path = locationViewController.m; sourceTree = "<group>"; };
		D1616826EB62184740813AAB /* Pods.debug.xcconfig */ = {isa = PBXFileReference; includeInIndex = 1; lastKnownFileType = text.xcconfig; name = Pods.debug.xcconfig; path = "Pods/Target Support Files/Pods/Pods.debug.xcconfig"; sourceTree = "<group>"; };
		D28F8494B53C7713E7902458 /* libPods.a */ = {isa = PBXFileReference; explicitFileType = archive.ar; includeInIndex = 0; path = libPods.a; sourceTree = BUILT_PRODUCTS_DIR; };
		D903A2FA1B8F02FF00E02DE7 /* LoginViewController.h */ = {isa = PBXFileReference; fileEncoding = 4; lastKnownFileType = sourcecode.c.h; path = LoginViewController.h; sourceTree = "<group>"; };
		D903A2FB1B8F02FF00E02DE7 /* LoginViewController.m */ = {isa = PBXFileReference; fileEncoding = 4; lastKnownFileType = sourcecode.c.objc; path = LoginViewController.m; sourceTree = "<group>"; };
		D9144E621BB9011400F01FB5 /* CollectionViewCell.h */ = {isa = PBXFileReference; fileEncoding = 4; lastKnownFileType = sourcecode.c.h; path = CollectionViewCell.h; sourceTree = "<group>"; };
		D9144E631BB9011400F01FB5 /* CollectionViewCell.m */ = {isa = PBXFileReference; fileEncoding = 4; lastKnownFileType = sourcecode.c.objc; path = CollectionViewCell.m; sourceTree = "<group>"; };
		D9144E651BB9019200F01FB5 /* CollectionViewController.h */ = {isa = PBXFileReference; fileEncoding = 4; lastKnownFileType = sourcecode.c.h; path = CollectionViewController.h; sourceTree = "<group>"; };
		D9144E661BB9019200F01FB5 /* CollectionViewController.m */ = {isa = PBXFileReference; fileEncoding = 4; lastKnownFileType = sourcecode.c.objc; path = CollectionViewController.m; sourceTree = "<group>"; };
		D94AE07C1B8A0D4C000FBB14 /* LiveFree.app */ = {isa = PBXFileReference; explicitFileType = wrapper.application; includeInIndex = 0; path = LiveFree.app; sourceTree = BUILT_PRODUCTS_DIR; };
		D94AE0801B8A0D4C000FBB14 /* Info.plist */ = {isa = PBXFileReference; lastKnownFileType = text.plist.xml; path = Info.plist; sourceTree = "<group>"; };
		D94AE0811B8A0D4C000FBB14 /* main.m */ = {isa = PBXFileReference; lastKnownFileType = sourcecode.c.objc; path = main.m; sourceTree = "<group>"; };
		D94AE0831B8A0D4C000FBB14 /* AppDelegate.h */ = {isa = PBXFileReference; lastKnownFileType = sourcecode.c.h; path = AppDelegate.h; sourceTree = "<group>"; };
		D94AE0841B8A0D4C000FBB14 /* AppDelegate.m */ = {isa = PBXFileReference; lastKnownFileType = sourcecode.c.objc; path = AppDelegate.m; sourceTree = "<group>"; };
		D94AE0861B8A0D4C000FBB14 /* ViewController.h */ = {isa = PBXFileReference; lastKnownFileType = sourcecode.c.h; path = ViewController.h; sourceTree = "<group>"; };
		D94AE0871B8A0D4C000FBB14 /* ViewController.m */ = {isa = PBXFileReference; lastKnownFileType = sourcecode.c.objc; path = ViewController.m; sourceTree = "<group>"; };
		D94AE08C1B8A0D4C000FBB14 /* Images.xcassets */ = {isa = PBXFileReference; lastKnownFileType = folder.assetcatalog; path = Images.xcassets; sourceTree = "<group>"; };
		D94AE08F1B8A0D4C000FBB14 /* Base */ = {isa = PBXFileReference; lastKnownFileType = file.xib; name = Base; path = Base.lproj/LaunchScreen.xib; sourceTree = "<group>"; };
		D94AE0951B8A0D4C000FBB14 /* LiveFreeTests.xctest */ = {isa = PBXFileReference; explicitFileType = wrapper.cfbundle; includeInIndex = 0; path = LiveFreeTests.xctest; sourceTree = BUILT_PRODUCTS_DIR; };
		D94AE09A1B8A0D4C000FBB14 /* Info.plist */ = {isa = PBXFileReference; lastKnownFileType = text.plist.xml; path = Info.plist; sourceTree = "<group>"; };
		D94AE09B1B8A0D4C000FBB14 /* LiveFreeTests.m */ = {isa = PBXFileReference; lastKnownFileType = sourcecode.c.objc; path = LiveFreeTests.m; sourceTree = "<group>"; };
		D953A0B71BE7CDF300801699 /* TabViewController.h */ = {isa = PBXFileReference; fileEncoding = 4; lastKnownFileType = sourcecode.c.h; path = TabViewController.h; sourceTree = "<group>"; };
		D953A0B81BE7CDF300801699 /* TabViewController.m */ = {isa = PBXFileReference; fileEncoding = 4; lastKnownFileType = sourcecode.c.objc; path = TabViewController.m; sourceTree = "<group>"; };
		D9820AA21B90852600C51F1B /* JSONHandler.h */ = {isa = PBXFileReference; fileEncoding = 4; lastKnownFileType = sourcecode.c.h; path = JSONHandler.h; sourceTree = "<group>"; };
		D9820AA31B90852600C51F1B /* JSONHandler.m */ = {isa = PBXFileReference; fileEncoding = 4; lastKnownFileType = sourcecode.c.objc; path = JSONHandler.m; sourceTree = "<group>"; };
		D9AB85D71C2062D30078818F /* Main.storyboard */ = {isa = PBXFileReference; fileEncoding = 4; lastKnownFileType = file.storyboard; path = Main.storyboard; sourceTree = "<group>"; };
		D9D1C1E51BB2BCD800C0362F /* UIColor+HexString.h */ = {isa = PBXFileReference; fileEncoding = 4; lastKnownFileType = sourcecode.c.h; name = "UIColor+HexString.h"; path = "LiveFree/UIColor+HexString.h"; sourceTree = "<group>"; };
		D9D1C1E61BB2BCD800C0362F /* UIColor+HexString.m */ = {isa = PBXFileReference; fileEncoding = 4; lastKnownFileType = sourcecode.c.objc; name = "UIColor+HexString.m"; path = "LiveFree/UIColor+HexString.m"; sourceTree = "<group>"; };
		D9D1C1EA1BB2BEF600C0362F /* twitterIcon.png */ = {isa = PBXFileReference; lastKnownFileType = image.png; path = twitterIcon.png; sourceTree = "<group>"; };
		D9D1C1EC1BB2C0C900C0362F /* inayo.png */ = {isa = PBXFileReference; lastKnownFileType = image.png; path = inayo.png; sourceTree = "<group>"; };
		E8991F138745AA85CED41037 /* Pods.release.xcconfig */ = {isa = PBXFileReference; includeInIndex = 1; lastKnownFileType = text.xcconfig; name = Pods.release.xcconfig; path = "Pods/Target Support Files/Pods/Pods.release.xcconfig"; sourceTree = "<group>"; };
/* End PBXFileReference section */

/* Begin PBXFrameworksBuildPhase section */
		D94AE0791B8A0D4C000FBB14 /* Frameworks */ = {
			isa = PBXFrameworksBuildPhase;
			buildActionMask = 2147483647;
			files = (
				1A096B9C0794931975C819F8 /* libPods.a in Frameworks */,
			);
			runOnlyForDeploymentPostprocessing = 0;
		};
		D94AE0921B8A0D4C000FBB14 /* Frameworks */ = {
			isa = PBXFrameworksBuildPhase;
			buildActionMask = 2147483647;
			files = (
			);
			runOnlyForDeploymentPostprocessing = 0;
		};
/* End PBXFrameworksBuildPhase section */

/* Begin PBXGroup section */
		0D5717D07A272664D9615C33 /* Pods */ = {
			isa = PBXGroup;
			children = (
				D1616826EB62184740813AAB /* Pods.debug.xcconfig */,
				E8991F138745AA85CED41037 /* Pods.release.xcconfig */,
			);
			name = Pods;
			sourceTree = "<group>";
		};
		0FA83EFC4DEEE5F2D84B152B /* Frameworks */ = {
			isa = PBXGroup;
			children = (
				D28F8494B53C7713E7902458 /* libPods.a */,
			);
			name = Frameworks;
			sourceTree = "<group>";
		};
		D9144E591BB811EC00F01FB5 /* Crap */ = {
			isa = PBXGroup;
			children = (
				D9D1C1E51BB2BCD800C0362F /* UIColor+HexString.h */,
				D9D1C1E61BB2BCD800C0362F /* UIColor+HexString.m */,
				D9D1C1EA1BB2BEF600C0362F /* twitterIcon.png */,
				D9D1C1EC1BB2C0C900C0362F /* inayo.png */,
			);
			name = Crap;
			sourceTree = "<group>";
		};
		D94AE0731B8A0D4C000FBB14 = {
			isa = PBXGroup;
			children = (
				D94AE07E1B8A0D4C000FBB14 /* LiveFree */,
				D9144E591BB811EC00F01FB5 /* Crap */,
				D94AE0981B8A0D4C000FBB14 /* LiveFreeTests */,
				D94AE07D1B8A0D4C000FBB14 /* Products */,
				0D5717D07A272664D9615C33 /* Pods */,
				0FA83EFC4DEEE5F2D84B152B /* Frameworks */,
			);
			sourceTree = "<group>";
		};
		D94AE07D1B8A0D4C000FBB14 /* Products */ = {
			isa = PBXGroup;
			children = (
				D94AE07C1B8A0D4C000FBB14 /* LiveFree.app */,
				D94AE0951B8A0D4C000FBB14 /* LiveFreeTests.xctest */,
			);
			name = Products;
			sourceTree = "<group>";
		};
		D94AE07E1B8A0D4C000FBB14 /* LiveFree */ = {
			isa = PBXGroup;
			children = (
				D953A0B71BE7CDF300801699 /* TabViewController.h */,
				D953A0B81BE7CDF300801699 /* TabViewController.m */,
				D903A2FA1B8F02FF00E02DE7 /* LoginViewController.h */,
				D903A2FB1B8F02FF00E02DE7 /* LoginViewController.m */,
				D94AE0871B8A0D4C000FBB14 /* ViewController.m */,
				D94AE0861B8A0D4C000FBB14 /* ViewController.h */,
				D9820AA21B90852600C51F1B /* JSONHandler.h */,
				D9820AA31B90852600C51F1B /* JSONHandler.m */,
				D9144E621BB9011400F01FB5 /* CollectionViewCell.h */,
				D9144E631BB9011400F01FB5 /* CollectionViewCell.m */,
				D9AB85D71C2062D30078818F /* Main.storyboard */,
				93CD19761C219395001ADF74 /* locationViewController.h */,
				93CD19771C219395001ADF74 /* locationViewController.m */,
				D9144E651BB9019200F01FB5 /* CollectionViewController.h */,
				D9144E661BB9019200F01FB5 /* CollectionViewController.m */,
				D94AE07F1B8A0D4C000FBB14 /* Supporting Files */,
			);
			path = LiveFree;
			sourceTree = "<group>";
		};
		D94AE07F1B8A0D4C000FBB14 /* Supporting Files */ = {
			isa = PBXGroup;
			children = (
				D94AE08C1B8A0D4C000FBB14 /* Images.xcassets */,
				D94AE08E1B8A0D4C000FBB14 /* LaunchScreen.xib */,
				D94AE0831B8A0D4C000FBB14 /* AppDelegate.h */,
				D94AE0841B8A0D4C000FBB14 /* AppDelegate.m */,
				D94AE0801B8A0D4C000FBB14 /* Info.plist */,
				D94AE0811B8A0D4C000FBB14 /* main.m */,
			);
			name = "Supporting Files";
			sourceTree = "<group>";
		};
		D94AE0981B8A0D4C000FBB14 /* LiveFreeTests */ = {
			isa = PBXGroup;
			children = (
				D94AE09B1B8A0D4C000FBB14 /* LiveFreeTests.m */,
				D94AE0991B8A0D4C000FBB14 /* Supporting Files */,
			);
			path = LiveFreeTests;
			sourceTree = "<group>";
		};
		D94AE0991B8A0D4C000FBB14 /* Supporting Files */ = {
			isa = PBXGroup;
			children = (
				D94AE09A1B8A0D4C000FBB14 /* Info.plist */,
			);
			name = "Supporting Files";
			sourceTree = "<group>";
		};
/* End PBXGroup section */

/* Begin PBXNativeTarget section */
		D94AE07B1B8A0D4C000FBB14 /* LiveFree */ = {
			isa = PBXNativeTarget;
			buildConfigurationList = D94AE09F1B8A0D4C000FBB14 /* Build configuration list for PBXNativeTarget "LiveFree" */;
			buildPhases = (
				D2375E0822FC46095ABABCC8 /* Check Pods Manifest.lock */,
				D94AE0781B8A0D4C000FBB14 /* Sources */,
				D94AE0791B8A0D4C000FBB14 /* Frameworks */,
				D94AE07A1B8A0D4C000FBB14 /* Resources */,
				18AA1017B9925C305BE4A53A /* Copy Pods Resources */,
			);
			buildRules = (
			);
			dependencies = (
			);
			name = LiveFree;
			productName = LiveFree;
			productReference = D94AE07C1B8A0D4C000FBB14 /* LiveFree.app */;
			productType = "com.apple.product-type.application";
		};
		D94AE0941B8A0D4C000FBB14 /* LiveFreeTests */ = {
			isa = PBXNativeTarget;
			buildConfigurationList = D94AE0A21B8A0D4C000FBB14 /* Build configuration list for PBXNativeTarget "LiveFreeTests" */;
			buildPhases = (
				D94AE0911B8A0D4C000FBB14 /* Sources */,
				D94AE0921B8A0D4C000FBB14 /* Frameworks */,
				D94AE0931B8A0D4C000FBB14 /* Resources */,
			);
			buildRules = (
			);
			dependencies = (
				D94AE0971B8A0D4C000FBB14 /* PBXTargetDependency */,
			);
			name = LiveFreeTests;
			productName = LiveFreeTests;
			productReference = D94AE0951B8A0D4C000FBB14 /* LiveFreeTests.xctest */;
			productType = "com.apple.product-type.bundle.unit-test";
		};
/* End PBXNativeTarget section */

/* Begin PBXProject section */
		D94AE0741B8A0D4C000FBB14 /* Project object */ = {
			isa = PBXProject;
			attributes = {
				LastUpgradeCheck = 0700;
				ORGANIZATIONNAME = "Mayur Phadte";
				TargetAttributes = {
					D94AE07B1B8A0D4C000FBB14 = {
						CreatedOnToolsVersion = 6.1.1;
					};
					D94AE0941B8A0D4C000FBB14 = {
						CreatedOnToolsVersion = 6.1.1;
						TestTargetID = D94AE07B1B8A0D4C000FBB14;
					};
				};
			};
			buildConfigurationList = D94AE0771B8A0D4C000FBB14 /* Build configuration list for PBXProject "LiveFree" */;
			compatibilityVersion = "Xcode 3.2";
			developmentRegion = English;
			hasScannedForEncodings = 0;
			knownRegions = (
				en,
				Base,
			);
			mainGroup = D94AE0731B8A0D4C000FBB14;
			productRefGroup = D94AE07D1B8A0D4C000FBB14 /* Products */;
			projectDirPath = "";
			projectRoot = "";
			targets = (
				D94AE07B1B8A0D4C000FBB14 /* LiveFree */,
				D94AE0941B8A0D4C000FBB14 /* LiveFreeTests */,
			);
		};
/* End PBXProject section */

/* Begin PBXResourcesBuildPhase section */
		D94AE07A1B8A0D4C000FBB14 /* Resources */ = {
			isa = PBXResourcesBuildPhase;
			buildActionMask = 2147483647;
			files = (
				D94AE0901B8A0D4C000FBB14 /* LaunchScreen.xib in Resources */,
				D9AB85D81C2062D30078818F /* Main.storyboard in Resources */,
				D9D1C1EB1BB2BEF600C0362F /* twitterIcon.png in Resources */,
				D94AE08D1B8A0D4C000FBB14 /* Images.xcassets in Resources */,
				D9D1C1ED1BB2C0C900C0362F /* inayo.png in Resources */,
			);
			runOnlyForDeploymentPostprocessing = 0;
		};
		D94AE0931B8A0D4C000FBB14 /* Resources */ = {
			isa = PBXResourcesBuildPhase;
			buildActionMask = 2147483647;
			files = (
			);
			runOnlyForDeploymentPostprocessing = 0;
		};
/* End PBXResourcesBuildPhase section */

/* Begin PBXShellScriptBuildPhase section */
		18AA1017B9925C305BE4A53A /* Copy Pods Resources */ = {
			isa = PBXShellScriptBuildPhase;
			buildActionMask = 2147483647;
			files = (
			);
			inputPaths = (
			);
			name = "Copy Pods Resources";
			outputPaths = (
			);
			runOnlyForDeploymentPostprocessing = 0;
			shellPath = /bin/sh;
			shellScript = "\"${SRCROOT}/Pods/Target Support Files/Pods/Pods-resources.sh\"\n";
			showEnvVarsInLog = 0;
		};
		D2375E0822FC46095ABABCC8 /* Check Pods Manifest.lock */ = {
			isa = PBXShellScriptBuildPhase;
			buildActionMask = 2147483647;
			files = (
			);
			inputPaths = (
			);
			name = "Check Pods Manifest.lock";
			outputPaths = (
			);
			runOnlyForDeploymentPostprocessing = 0;
			shellPath = /bin/sh;
			shellScript = "diff \"${PODS_ROOT}/../Podfile.lock\" \"${PODS_ROOT}/Manifest.lock\" > /dev/null\nif [[ $? != 0 ]] ; then\n    cat << EOM\nerror: The sandbox is not in sync with the Podfile.lock. Run 'pod install' or update your CocoaPods installation.\nEOM\n    exit 1\nfi\n";
			showEnvVarsInLog = 0;
		};
/* End PBXShellScriptBuildPhase section */

/* Begin PBXSourcesBuildPhase section */
		D94AE0781B8A0D4C000FBB14 /* Sources */ = {
			isa = PBXSourcesBuildPhase;
			buildActionMask = 2147483647;
			files = (
				D9144E671BB9019200F01FB5 /* CollectionViewController.m in Sources */,
				D903A2FC1B8F02FF00E02DE7 /* LoginViewController.m in Sources */,
				D94AE0881B8A0D4C000FBB14 /* ViewController.m in Sources */,
				D953A0B91BE7CDF300801699 /* TabViewController.m in Sources */,
				D9144E641BB9011400F01FB5 /* CollectionViewCell.m in Sources */,
				D9820AA41B90852600C51F1B /* JSONHandler.m in Sources */,
				D9D1C1E71BB2BCD800C0362F /* UIColor+HexString.m in Sources */,
				93CD19781C219395001ADF74 /* locationViewController.m in Sources */,
				D94AE0851B8A0D4C000FBB14 /* AppDelegate.m in Sources */,
				D94AE0821B8A0D4C000FBB14 /* main.m in Sources */,
			);
			runOnlyForDeploymentPostprocessing = 0;
		};
		D94AE0911B8A0D4C000FBB14 /* Sources */ = {
			isa = PBXSourcesBuildPhase;
			buildActionMask = 2147483647;
			files = (
				D94AE09C1B8A0D4C000FBB14 /* LiveFreeTests.m in Sources */,
			);
			runOnlyForDeploymentPostprocessing = 0;
		};
/* End PBXSourcesBuildPhase section */

/* Begin PBXTargetDependency section */
		D94AE0971B8A0D4C000FBB14 /* PBXTargetDependency */ = {
			isa = PBXTargetDependency;
			target = D94AE07B1B8A0D4C000FBB14 /* LiveFree */;
			targetProxy = D94AE0961B8A0D4C000FBB14 /* PBXContainerItemProxy */;
		};
/* End PBXTargetDependency section */

/* Begin PBXVariantGroup section */
		D94AE08E1B8A0D4C000FBB14 /* LaunchScreen.xib */ = {
			isa = PBXVariantGroup;
			children = (
				D94AE08F1B8A0D4C000FBB14 /* Base */,
			);
			name = LaunchScreen.xib;
			sourceTree = "<group>";
		};
/* End PBXVariantGroup section */

/* Begin XCBuildConfiguration section */
		D94AE09D1B8A0D4C000FBB14 /* Debug */ = {
			isa = XCBuildConfiguration;
			buildSettings = {
				ALWAYS_SEARCH_USER_PATHS = NO;
				CLANG_CXX_LANGUAGE_STANDARD = "gnu++0x";
				CLANG_CXX_LIBRARY = "libc++";
				CLANG_ENABLE_MODULES = YES;
				CLANG_ENABLE_OBJC_ARC = YES;
				CLANG_WARN_BOOL_CONVERSION = YES;
				CLANG_WARN_CONSTANT_CONVERSION = YES;
				CLANG_WARN_DIRECT_OBJC_ISA_USAGE = YES_ERROR;
				CLANG_WARN_EMPTY_BODY = YES;
				CLANG_WARN_ENUM_CONVERSION = YES;
				CLANG_WARN_INT_CONVERSION = YES;
				CLANG_WARN_OBJC_ROOT_CLASS = YES_ERROR;
				CLANG_WARN_UNREACHABLE_CODE = YES;
				CLANG_WARN__DUPLICATE_METHOD_MATCH = YES;
				"CODE_SIGN_IDENTITY[sdk=iphoneos*]" = "iPhone Developer";
				COPY_PHASE_STRIP = NO;
				ENABLE_STRICT_OBJC_MSGSEND = YES;
				ENABLE_TESTABILITY = YES;
				GCC_C_LANGUAGE_STANDARD = gnu99;
				GCC_DYNAMIC_NO_PIC = NO;
				GCC_OPTIMIZATION_LEVEL = 0;
				GCC_PREPROCESSOR_DEFINITIONS = (
					"DEBUG=1",
					"$(inherited)",
				);
				GCC_SYMBOLS_PRIVATE_EXTERN = NO;
				GCC_WARN_64_TO_32_BIT_CONVERSION = YES;
				GCC_WARN_ABOUT_RETURN_TYPE = YES_ERROR;
				GCC_WARN_UNDECLARED_SELECTOR = YES;
				GCC_WARN_UNINITIALIZED_AUTOS = YES_AGGRESSIVE;
				GCC_WARN_UNUSED_FUNCTION = YES;
				GCC_WARN_UNUSED_VARIABLE = YES;
				IPHONEOS_DEPLOYMENT_TARGET = 9.0;
				MTL_ENABLE_DEBUG_INFO = YES;
				ONLY_ACTIVE_ARCH = YES;
				SDKROOT = iphoneos;
				TARGETED_DEVICE_FAMILY = "1,2";
			};
			name = Debug;
		};
		D94AE09E1B8A0D4C000FBB14 /* Release */ = {
			isa = XCBuildConfiguration;
			buildSettings = {
				ALWAYS_SEARCH_USER_PATHS = NO;
				CLANG_CXX_LANGUAGE_STANDARD = "gnu++0x";
				CLANG_CXX_LIBRARY = "libc++";
				CLANG_ENABLE_MODULES = YES;
				CLANG_ENABLE_OBJC_ARC = YES;
				CLANG_WARN_BOOL_CONVERSION = YES;
				CLANG_WARN_CONSTANT_CONVERSION = YES;
				CLANG_WARN_DIRECT_OBJC_ISA_USAGE = YES_ERROR;
				CLANG_WARN_EMPTY_BODY = YES;
				CLANG_WARN_ENUM_CONVERSION = YES;
				CLANG_WARN_INT_CONVERSION = YES;
				CLANG_WARN_OBJC_ROOT_CLASS = YES_ERROR;
				CLANG_WARN_UNREACHABLE_CODE = YES;
				CLANG_WARN__DUPLICATE_METHOD_MATCH = YES;
				"CODE_SIGN_IDENTITY[sdk=iphoneos*]" = "iPhone Developer";
				COPY_PHASE_STRIP = YES;
				ENABLE_NS_ASSERTIONS = NO;
				ENABLE_STRICT_OBJC_MSGSEND = YES;
				GCC_C_LANGUAGE_STANDARD = gnu99;
				GCC_WARN_64_TO_32_BIT_CONVERSION = YES;
				GCC_WARN_ABOUT_RETURN_TYPE = YES_ERROR;
				GCC_WARN_UNDECLARED_SELECTOR = YES;
				GCC_WARN_UNINITIALIZED_AUTOS = YES_AGGRESSIVE;
				GCC_WARN_UNUSED_FUNCTION = YES;
				GCC_WARN_UNUSED_VARIABLE = YES;
				IPHONEOS_DEPLOYMENT_TARGET = 9.0;
				MTL_ENABLE_DEBUG_INFO = NO;
				SDKROOT = iphoneos;
				TARGETED_DEVICE_FAMILY = "1,2";
				VALIDATE_PRODUCT = YES;
			};
			name = Release;
		};
		D94AE0A01B8A0D4C000FBB14 /* Debug */ = {
			isa = XCBuildConfiguration;
			baseConfigurationReference = D1616826EB62184740813AAB /* Pods.debug.xcconfig */;
			buildSettings = {
				ASSETCATALOG_COMPILER_APPICON_NAME = AppIcon;
				INFOPLIST_FILE = LiveFree/Info.plist;
				LD_RUNPATH_SEARCH_PATHS = "$(inherited) @executable_path/Frameworks";
				PRODUCT_BUNDLE_IDENTIFIER = "livefree.pos.$(PRODUCT_NAME:rfc1034identifier)";
				PRODUCT_NAME = "$(TARGET_NAME)";
				TARGETED_DEVICE_FAMILY = 1;
			};
			name = Debug;
		};
		D94AE0A11B8A0D4C000FBB14 /* Release */ = {
			isa = XCBuildConfiguration;
			baseConfigurationReference = E8991F138745AA85CED41037 /* Pods.release.xcconfig */;
			buildSettings = {
				ASSETCATALOG_COMPILER_APPICON_NAME = AppIcon;
				INFOPLIST_FILE = LiveFree/Info.plist;
				LD_RUNPATH_SEARCH_PATHS = "$(inherited) @executable_path/Frameworks";
				PRODUCT_BUNDLE_IDENTIFIER = "livefree.pos.$(PRODUCT_NAME:rfc1034identifier)";
				PRODUCT_NAME = "$(TARGET_NAME)";
				TARGETED_DEVICE_FAMILY = 1;
			};
			name = Release;
		};
		D94AE0A31B8A0D4C000FBB14 /* Debug */ = {
			isa = XCBuildConfiguration;
			buildSettings = {
				BUNDLE_LOADER = "$(TEST_HOST)";
				FRAMEWORK_SEARCH_PATHS = (
					"$(SDKROOT)/Developer/Library/Frameworks",
					"$(inherited)",
				);
				GCC_PREPROCESSOR_DEFINITIONS = (
					"DEBUG=1",
					"$(inherited)",
				);
				INFOPLIST_FILE = LiveFreeTests/Info.plist;
				LD_RUNPATH_SEARCH_PATHS = "$(inherited) @executable_path/Frameworks @loader_path/Frameworks";
				PRODUCT_BUNDLE_IDENTIFIER = "livefree.pos.$(PRODUCT_NAME:rfc1034identifier)";
				PRODUCT_NAME = "$(TARGET_NAME)";
				TEST_HOST = "$(BUILT_PRODUCTS_DIR)/LiveFree.app/LiveFree";
			};
			name = Debug;
		};
		D94AE0A41B8A0D4C000FBB14 /* Release */ = {
			isa = XCBuildConfiguration;
			buildSettings = {
				BUNDLE_LOADER = "$(TEST_HOST)";
				FRAMEWORK_SEARCH_PATHS = (
					"$(SDKROOT)/Developer/Library/Frameworks",
					"$(inherited)",
				);
				INFOPLIST_FILE = LiveFreeTests/Info.plist;
				LD_RUNPATH_SEARCH_PATHS = "$(inherited) @executable_path/Frameworks @loader_path/Frameworks";
				PRODUCT_BUNDLE_IDENTIFIER = "livefree.pos.$(PRODUCT_NAME:rfc1034identifier)";
				PRODUCT_NAME = "$(TARGET_NAME)";
				TEST_HOST = "$(BUILT_PRODUCTS_DIR)/LiveFree.app/LiveFree";
			};
			name = Release;
		};
/* End XCBuildConfiguration section */

/* Begin XCConfigurationList section */
		D94AE0771B8A0D4C000FBB14 /* Build configuration list for PBXProject "LiveFree" */ = {
			isa = XCConfigurationList;
			buildConfigurations = (
				D94AE09D1B8A0D4C000FBB14 /* Debug */,
				D94AE09E1B8A0D4C000FBB14 /* Release */,
			);
			defaultConfigurationIsVisible = 0;
			defaultConfigurationName = Release;
		};
		D94AE09F1B8A0D4C000FBB14 /* Build configuration list for PBXNativeTarget "LiveFree" */ = {
			isa = XCConfigurationList;
			buildConfigurations = (
				D94AE0A01B8A0D4C000FBB14 /* Debug */,
				D94AE0A11B8A0D4C000FBB14 /* Release */,
			);
			defaultConfigurationIsVisible = 0;
			defaultConfigurationName = Release;
		};
		D94AE0A21B8A0D4C000FBB14 /* Build configuration list for PBXNativeTarget "LiveFreeTests" */ = {
			isa = XCConfigurationList;
			buildConfigurations = (
				D94AE0A31B8A0D4C000FBB14 /* Debug */,
				D94AE0A41B8A0D4C000FBB14 /* Release */,
			);
			defaultConfigurationIsVisible = 0;
			defaultConfigurationName = Release;
		};
/* End XCConfigurationList section */
	};
	rootObject = D94AE0741B8A0D4C000FBB14 /* Project object */;
}
